
Microsoft Visual Studio Solution File, Format Version 12.00
# Visual Studio 2013
VisualStudioVersion = 12.0.31101.0
MinimumVisualStudioVersion = 10.0.40219.1
Project("{FAE04EC0-301F-11D3-BF4B-00C04F79EFBC}") = "MariGold.HtmlParser", "MariGold.HtmlParser\MariGold.HtmlParser.csproj", "{B83067EE-0BBA-472C-BCE9-19FC4DCC51A7}"
EndProject
Project("{FAE04EC0-301F-11D3-BF4B-00C04F79EFBC}") = "MariGold.HtmlParser.Tests", "MariGold.HtmlParser.Tests\MariGold.HtmlParser.Tests.csproj", "{DC2B12AD-1306-41BC-8552-4DAA014A5C82}"
EndProject
Global
	GlobalSection(SolutionConfigurationPlatforms) = preSolution
		Debug|Any CPU = Debug|Any CPU
		Release|Any CPU = Release|Any CPU
	EndGlobalSection
	GlobalSection(ProjectConfigurationPlatforms) = postSolution
		{B83067EE-0BBA-472C-BCE9-19FC4DCC51A7}.Debug|Any CPU.ActiveCfg = Debug|Any CPU
		{B83067EE-0BBA-472C-BCE9-19FC4DCC51A7}.Debug|Any CPU.Build.0 = Debug|Any CPU
		{B83067EE-0BBA-472C-BCE9-19FC4DCC51A7}.Release|Any CPU.ActiveCfg = Release|Any CPU
		{B83067EE-0BBA-472C-BCE9-19FC4DCC51A7}.Release|Any CPU.Build.0 = Release|Any CPU
		{DC2B12AD-1306-41BC-8552-4DAA014A5C82}.Debug|Any CPU.ActiveCfg = Debug|Any CPU
		{DC2B12AD-1306-41BC-8552-4DAA014A5C82}.Debug|Any CPU.Build.0 = Debug|Any CPU
		{DC2B12AD-1306-41BC-8552-4DAA014A5C82}.Release|Any CPU.ActiveCfg = Release|Any CPU
		{DC2B12AD-1306-41BC-8552-4DAA014A5C82}.Release|Any CPU.Build.0 = Release|Any CPU
	EndGlobalSection
	GlobalSection(SolutionProperties) = preSolution
		HideSolutionNode = FALSE
	EndGlobalSection
EndGlobal
